// !$*UTF8*$!
{
	archiveVersion = 1;
	classes = {
	};
	objectVersion = 50;
	objects = {

/* Begin PBXBuildFile section */
		84409FFF2484143D00AFDC08 /* AppDelegate.swift in Sources */ = {isa = PBXBuildFile; fileRef = 84409FFE2484143D00AFDC08 /* AppDelegate.swift */; };
		8440A0012484143D00AFDC08 /* SceneDelegate.swift in Sources */ = {isa = PBXBuildFile; fileRef = 8440A0002484143D00AFDC08 /* SceneDelegate.swift */; };
		8440A0032484143D00AFDC08 /* ViewController.swift in Sources */ = {isa = PBXBuildFile; fileRef = 8440A0022484143D00AFDC08 /* ViewController.swift */; };
		8440A0062484143D00AFDC08 /* Main.storyboard in Resources */ = {isa = PBXBuildFile; fileRef = 8440A0042484143D00AFDC08 /* Main.storyboard */; };
		8440A0082484143E00AFDC08 /* Assets.xcassets in Resources */ = {isa = PBXBuildFile; fileRef = 8440A0072484143E00AFDC08 /* Assets.xcassets */; };
		8440A00B2484143E00AFDC08 /* LaunchScreen.storyboard in Resources */ = {isa = PBXBuildFile; fileRef = 8440A0092484143E00AFDC08 /* LaunchScreen.storyboard */; };
		8440A0162484143E00AFDC08 /* _1_iIamrichTests.swift in Sources */ = {isa = PBXBuildFile; fileRef = 8440A0152484143E00AFDC08 /* _1_iIamrichTests.swift */; };
		8440A0212484143E00AFDC08 /* _1_iIamrichUITests.swift in Sources */ = {isa = PBXBuildFile; fileRef = 8440A0202484143E00AFDC08 /* _1_iIamrichUITests.swift */; };
/* End PBXBuildFile section */

/* Begin PBXContainerItemProxy section */
		8440A0122484143E00AFDC08 /* PBXContainerItemProxy */ = {
			isa = PBXContainerItemProxy;
			containerPortal = 84409FF32484143D00AFDC08 /* Project object */;
			proxyType = 1;
			remoteGlobalIDString = 84409FFA2484143D00AFDC08;
			remoteInfo = "01-iIamrich";
		};
		8440A01D2484143E00AFDC08 /* PBXContainerItemProxy */ = {
			isa = PBXContainerItemProxy;
			containerPortal = 84409FF32484143D00AFDC08 /* Project object */;
			proxyType = 1;
			remoteGlobalIDString = 84409FFA2484143D00AFDC08;
			remoteInfo = "01-iIamrich";
		};
/* End PBXContainerItemProxy section */

/* Begin PBXFileReference section */
		84409FFB2484143D00AFDC08 /* 01-iIamrich.app */ = {isa = PBXFileReference; explicitFileType = wrapper.application; includeInIndex = 0; path = "01-iIamrich.app"; sourceTree = BUILT_PRODUCTS_DIR; };
		84409FFE2484143D00AFDC08 /* AppDelegate.swift */ = {isa = PBXFileReference; lastKnownFileType = sourcecode.swift; path = AppDelegate.swift; sourceTree = "<group>"; };
		8440A0002484143D00AFDC08 /* SceneDelegate.swift */ = {isa = PBXFileReference; lastKnownFileType = sourcecode.swift; path = SceneDelegate.swift; sourceTree = "<group>"; };
		8440A0022484143D00AFDC08 /* ViewController.swift */ = {isa = PBXFileReference; lastKnownFileType = sourcecode.swift; path = ViewController.swift; sourceTree = "<group>"; };
		8440A0052484143D00AFDC08 /* Base */ = {isa = PBXFileReference; lastKnownFileType = file.storyboard; name = Base; path = Base.lproj/Main.storyboard; sourceTree = "<group>"; };
		8440A0072484143E00AFDC08 /* Assets.xcassets */ = {isa = PBXFileReference; lastKnownFileType = folder.assetcatalog; path = Assets.xcassets; sourceTree = "<group>"; };
		8440A00A2484143E00AFDC08 /* Base */ = {isa = PBXFileReference; lastKnownFileType = file.storyboard; name = Base; path = Base.lproj/LaunchScreen.storyboard; sourceTree = "<group>"; };
		8440A00C2484143E00AFDC08 /* Info.plist */ = {isa = PBXFileReference; lastKnownFileType = text.plist.xml; path = Info.plist; sourceTree = "<group>"; };
		8440A0112484143E00AFDC08 /* 01-iIamrichTests.xctest */ = {isa = PBXFileReference; explicitFileType = wrapper.cfbundle; includeInIndex = 0; path = "01-iIamrichTests.xctest"; sourceTree = BUILT_PRODUCTS_DIR; };
		8440A0152484143E00AFDC08 /* _1_iIamrichTests.swift */ = {isa = PBXFileReference; lastKnownFileType = sourcecode.swift; path = _1_iIamrichTests.swift; sourceTree = "<group>"; };
		8440A0172484143E00AFDC08 /* Info.plist */ = {isa = PBXFileReference; lastKnownFileType = text.plist.xml; path = Info.plist; sourceTree = "<group>"; };
		8440A01C2484143E00AFDC08 /* 01-iIamrichUITests.xctest */ = {isa = PBXFileReference; explicitFileType = wrapper.cfbundle; includeInIndex = 0; path = "01-iIamrichUITests.xctest"; sourceTree = BUILT_PRODUCTS_DIR; };
		8440A0202484143E00AFDC08 /* _1_iIamrichUITests.swift */ = {isa = PBXFileReference; lastKnownFileType = sourcecode.swift; path = _1_iIamrichUITests.swift; sourceTree = "<group>"; };
		8440A0222484143E00AFDC08 /* Info.plist */ = {isa = PBXFileReference; lastKnownFileType = text.plist.xml; path = Info.plist; sourceTree = "<group>"; };
/* End PBXFileReference section */

/* Begin PBXFrameworksBuildPhase section */
		84409FF82484143D00AFDC08 /* Frameworks */ = {
			isa = PBXFrameworksBuildPhase;
			buildActionMask = 2147483647;
			files = (
			);
			runOnlyForDeploymentPostprocessing = 0;
		};
		8440A00E2484143E00AFDC08 /* Frameworks */ = {
			isa = PBXFrameworksBuildPhase;
			buildActionMask = 2147483647;
			files = (
			);
			runOnlyForDeploymentPostprocessing = 0;
		};
		8440A0192484143E00AFDC08 /* Frameworks */ = {
			isa = PBXFrameworksBuildPhase;
			buildActionMask = 2147483647;
			files = (
			);
			runOnlyForDeploymentPostprocessing = 0;
		};
/* End PBXFrameworksBuildPhase section */

/* Begin PBXGroup section */
		84409FF22484143D00AFDC08 = {
			isa = PBXGroup;
			children = (
				84409FFD2484143D00AFDC08 /* 01-iIamrich */,
				8440A0142484143E00AFDC08 /* 01-iIamrichTests */,
				8440A01F2484143E00AFDC08 /* 01-iIamrichUITests */,
				84409FFC2484143D00AFDC08 /* Products */,
			);
			sourceTree = "<group>";
		};
		84409FFC2484143D00AFDC08 /* Products */ = {
			isa = PBXGroup;
			children = (
				84409FFB2484143D00AFDC08 /* 01-iIamrich.app */,
				8440A0112484143E00AFDC08 /* 01-iIamrichTests.xctest */,
				8440A01C2484143E00AFDC08 /* 01-iIamrichUITests.xctest */,
			);
			name = Products;
			sourceTree = "<group>";
		};
		84409FFD2484143D00AFDC08 /* 01-iIamrich */ = {
			isa = PBXGroup;
			children = (
				84409FFE2484143D00AFDC08 /* AppDelegate.swift */,
				8440A0002484143D00AFDC08 /* SceneDelegate.swift */,
				8440A0022484143D00AFDC08 /* ViewController.swift */,
				8440A0042484143D00AFDC08 /* Main.storyboard */,
				8440A0072484143E00AFDC08 /* Assets.xcassets */,
				8440A0092484143E00AFDC08 /* LaunchScreen.storyboard */,
				8440A00C2484143E00AFDC08 /* Info.plist */,
			);
			path = "01-iIamrich";
			sourceTree = "<group>";
		};
		8440A0142484143E00AFDC08 /* 01-iIamrichTests */ = {
			isa = PBXGroup;
			children = (
				8440A0152484143E00AFDC08 /* _1_iIamrichTests.swift */,
				8440A0172484143E00AFDC08 /* Info.plist */,
			);
			path = "01-iIamrichTests";
			sourceTree = "<group>";
		};
		8440A01F2484143E00AFDC08 /* 01-iIamrichUITests */ = {
			isa = PBXGroup;
			children = (
				8440A0202484143E00AFDC08 /* _1_iIamrichUITests.swift */,
				8440A0222484143E00AFDC08 /* Info.plist */,
			);
			path = "01-iIamrichUITests";
			sourceTree = "<group>";
		};
/* End PBXGroup section */

/* Begin PBXNativeTarget section */
		84409FFA2484143D00AFDC08 /* 01-iIamrich */ = {
			isa = PBXNativeTarget;
			buildConfigurationList = 8440A0252484143E00AFDC08 /* Build configuration list for PBXNativeTarget "01-iIamrich" */;
			buildPhases = (
				84409FF72484143D00AFDC08 /* Sources */,
				84409FF82484143D00AFDC08 /* Frameworks */,
				84409FF92484143D00AFDC08 /* Resources */,
			);
			buildRules = (
			);
			dependencies = (
			);
			name = "01-iIamrich";
			productName = "01-iIamrich";
			productReference = 84409FFB2484143D00AFDC08 /* 01-iIamrich.app */;
			productType = "com.apple.product-type.application";
		};
		8440A0102484143E00AFDC08 /* 01-iIamrichTests */ = {
			isa = PBXNativeTarget;
			buildConfigurationList = 8440A0282484143E00AFDC08 /* Build configuration list for PBXNativeTarget "01-iIamrichTests" */;
			buildPhases = (
				8440A00D2484143E00AFDC08 /* Sources */,
				8440A00E2484143E00AFDC08 /* Frameworks */,
				8440A00F2484143E00AFDC08 /* Resources */,
			);
			buildRules = (
			);
			dependencies = (
				8440A0132484143E00AFDC08 /* PBXTargetDependency */,
			);
			name = "01-iIamrichTests";
			productName = "01-iIamrichTests";
			productReference = 8440A0112484143E00AFDC08 /* 01-iIamrichTests.xctest */;
			productType = "com.apple.product-type.bundle.unit-test";
		};
		8440A01B2484143E00AFDC08 /* 01-iIamrichUITests */ = {
			isa = PBXNativeTarget;
			buildConfigurationList = 8440A02B2484143E00AFDC08 /* Build configuration list for PBXNativeTarget "01-iIamrichUITests" */;
			buildPhases = (
				8440A0182484143E00AFDC08 /* Sources */,
				8440A0192484143E00AFDC08 /* Frameworks */,
				8440A01A2484143E00AFDC08 /* Resources */,
			);
			buildRules = (
			);
			dependencies = (
				8440A01E2484143E00AFDC08 /* PBXTargetDependency */,
			);
			name = "01-iIamrichUITests";
			productName = "01-iIamrichUITests";
			productReference = 8440A01C2484143E00AFDC08 /* 01-iIamrichUITests.xctest */;
			productType = "com.apple.product-type.bundle.ui-testing";
		};
/* End PBXNativeTarget section */

/* Begin PBXProject section */
		84409FF32484143D00AFDC08 /* Project object */ = {
			isa = PBXProject;
			attributes = {
				LastSwiftUpdateCheck = 1130;
				LastUpgradeCheck = 1130;
				ORGANIZATIONNAME = "Romina Pozzuto";
				TargetAttributes = {
					84409FFA2484143D00AFDC08 = {
						CreatedOnToolsVersion = 11.3.1;
					};
					8440A0102484143E00AFDC08 = {
						CreatedOnToolsVersion = 11.3.1;
						TestTargetID = 84409FFA2484143D00AFDC08;
					};
					8440A01B2484143E00AFDC08 = {
						CreatedOnToolsVersion = 11.3.1;
						TestTargetID = 84409FFA2484143D00AFDC08;
					};
				};
			};
			buildConfigurationList = 84409FF62484143D00AFDC08 /* Build configuration list for PBXProject "01-iIamrich" */;
			compatibilityVersion = "Xcode 9.3";
			developmentRegion = en;
			hasScannedForEncodings = 0;
			knownRegions = (
				en,
				Base,
			);
			mainGroup = 84409FF22484143D00AFDC08;
			productRefGroup = 84409FFC2484143D00AFDC08 /* Products */;
			projectDirPath = "";
			projectRoot = "";
			targets = (
				84409FFA2484143D00AFDC08 /* 01-iIamrich */,
				8440A0102484143E00AFDC08 /* 01-iIamrichTests */,
				8440A01B2484143E00AFDC08 /* 01-iIamrichUITests */,
			);
		};
/* End PBXProject section */

/* Begin PBXResourcesBuildPhase section */
		84409FF92484143D00AFDC08 /* Resources */ = {
			isa = PBXResourcesBuildPhase;
			buildActionMask = 2147483647;
			files = (
				8440A00B2484143E00AFDC08 /* LaunchScreen.storyboard in Resources */,
				8440A0082484143E00AFDC08 /* Assets.xcassets in Resources */,
				8440A0062484143D00AFDC08 /* Main.storyboard in Resources */,
			);
			runOnlyForDeploymentPostprocessing = 0;
		};
		8440A00F2484143E00AFDC08 /* Resources */ = {
			isa = PBXResourcesBuildPhase;
			buildActionMask = 2147483647;
			files = (
			);
			runOnlyForDeploymentPostprocessing = 0;
		};
		8440A01A2484143E00AFDC08 /* Resources */ = {
			isa = PBXResourcesBuildPhase;
			buildActionMask = 2147483647;
			files = (
			);
			runOnlyForDeploymentPostprocessing = 0;
		};
/* End PBXResourcesBuildPhase section */

/* Begin PBXSourcesBuildPhase section */
		84409FF72484143D00AFDC08 /* Sources */ = {
			isa = PBXSourcesBuildPhase;
			buildActionMask = 2147483647;
			files = (
				8440A0032484143D00AFDC08 /* ViewController.swift in Sources */,
				84409FFF2484143D00AFDC08 /* AppDelegate.swift in Sources */,
				8440A0012484143D00AFDC08 /* SceneDelegate.swift in Sources */,
			);
			runOnlyForDeploymentPostprocessing = 0;
		};
		8440A00D2484143E00AFDC08 /* Sources */ = {
			isa = PBXSourcesBuildPhase;
			buildActionMask = 2147483647;
			files = (
				8440A0162484143E00AFDC08 /* _1_iIamrichTests.swift in Sources */,
			);
			runOnlyForDeploymentPostprocessing = 0;
		};
		8440A0182484143E00AFDC08 /* Sources */ = {
			isa = PBXSourcesBuildPhase;
			buildActionMask = 2147483647;
			files = (
				8440A0212484143E00AFDC08 /* _1_iIamrichUITests.swift in Sources */,
			);
			runOnlyForDeploymentPostprocessing = 0;
		};
/* End PBXSourcesBuildPhase section */

/* Begin PBXTargetDependency section */
		8440A0132484143E00AFDC08 /* PBXTargetDependency */ = {
			isa = PBXTargetDependency;
			target = 84409FFA2484143D00AFDC08 /* 01-iIamrich */;
			targetProxy = 8440A0122484143E00AFDC08 /* PBXContainerItemProxy */;
		};
		8440A01E2484143E00AFDC08 /* PBXTargetDependency */ = {
			isa = PBXTargetDependency;
			target = 84409FFA2484143D00AFDC08 /* 01-iIamrich */;
			targetProxy = 8440A01D2484143E00AFDC08 /* PBXContainerItemProxy */;
		};
/* End PBXTargetDependency section */

/* Begin PBXVariantGroup section */
		8440A0042484143D00AFDC08 /* Main.storyboard */ = {
			isa = PBXVariantGroup;
			children = (
				8440A0052484143D00AFDC08 /* Base */,
			);
			name = Main.storyboard;
			sourceTree = "<group>";
		};
		8440A0092484143E00AFDC08 /* LaunchScreen.storyboard */ = {
			isa = PBXVariantGroup;
			children = (
				8440A00A2484143E00AFDC08 /* Base */,
			);
			name = LaunchScreen.storyboard;
			sourceTree = "<group>";
		};
/* End PBXVariantGroup section */

/* Begin XCBuildConfiguration section */
		8440A0232484143E00AFDC08 /* Debug */ = {
			isa = XCBuildConfiguration;
			buildSettings = {
				ALWAYS_SEARCH_USER_PATHS = NO;
				CLANG_ANALYZER_NONNULL = YES;
				CLANG_ANALYZER_NUMBER_OBJECT_CONVERSION = YES_AGGRESSIVE;
				CLANG_CXX_LANGUAGE_STANDARD = "gnu++14";
				CLANG_CXX_LIBRARY = "libc++";
				CLANG_ENABLE_MODULES = YES;
				CLANG_ENABLE_OBJC_ARC = YES;
				CLANG_ENABLE_OBJC_WEAK = YES;
				CLANG_WARN_BLOCK_CAPTURE_AUTORELEASING = YES;
				CLANG_WARN_BOOL_CONVERSION = YES;
				CLANG_WARN_COMMA = YES;
				CLANG_WARN_CONSTANT_CONVERSION = YES;
				CLANG_WARN_DEPRECATED_OBJC_IMPLEMENTATIONS = YES;
				CLANG_WARN_DIRECT_OBJC_ISA_USAGE = YES_ERROR;
				CLANG_WARN_DOCUMENTATION_COMMENTS = YES;
				CLANG_WARN_EMPTY_BODY = YES;
				CLANG_WARN_ENUM_CONVERSION = YES;
				CLANG_WARN_INFINITE_RECURSION = YES;
				CLANG_WARN_INT_CONVERSION = YES;
				CLANG_WARN_NON_LITERAL_NULL_CONVERSION = YES;
				CLANG_WARN_OBJC_IMPLICIT_RETAIN_SELF = YES;
				CLANG_WARN_OBJC_LITERAL_CONVERSION = YES;
				CLANG_WARN_OBJC_ROOT_CLASS = YES_ERROR;
				CLANG_WARN_RANGE_LOOP_ANALYSIS = YES;
				CLANG_WARN_STRICT_PROTOTYPES = YES;
				CLANG_WARN_SUSPICIOUS_MOVE = YES;
				CLANG_WARN_UNGUARDED_AVAILABILITY = YES_AGGRESSIVE;
				CLANG_WARN_UNREACHABLE_CODE = YES;
				CLANG_WARN__DUPLICATE_METHOD_MATCH = YES;
				COPY_PHASE_STRIP = NO;
				DEBUG_INFORMATION_FORMAT = dwarf;
				ENABLE_STRICT_OBJC_MSGSEND = YES;
				ENABLE_TESTABILITY = YES;
				GCC_C_LANGUAGE_STANDARD = gnu11;
				GCC_DYNAMIC_NO_PIC = NO;
				GCC_NO_COMMON_BLOCKS = YES;
				GCC_OPTIMIZATION_LEVEL = 0;
				GCC_PREPROCESSOR_DEFINITIONS = (
					"DEBUG=1",
					"$(inherited)",
				);
				GCC_WARN_64_TO_32_BIT_CONVERSION = YES;
				GCC_WARN_ABOUT_RETURN_TYPE = YES_ERROR;
				GCC_WARN_UNDECLARED_SELECTOR = YES;
				GCC_WARN_UNINITIALIZED_AUTOS = YES_AGGRESSIVE;
				GCC_WARN_UNUSED_FUNCTION = YES;
				GCC_WARN_UNUSED_VARIABLE = YES;
				IPHONEOS_DEPLOYMENT_TARGET = 13.2;
				MTL_ENABLE_DEBUG_INFO = INCLUDE_SOURCE;
				MTL_FAST_MATH = YES;
				ONLY_ACTIVE_ARCH = YES;
				SDKROOT = iphoneos;
				SWIFT_ACTIVE_COMPILATION_CONDITIONS = DEBUG;
				SWIFT_OPTIMIZATION_LEVEL = "-Onone";
			};
			name = Debug;
		};
		8440A0242484143E00AFDC08 /* Release */ = {
			isa = XCBuildConfiguration;
			buildSettings = {
				ALWAYS_SEARCH_USER_PATHS = NO;
				CLANG_ANALYZER_NONNULL = YES;
				CLANG_ANALYZER_NUMBER_OBJECT_CONVERSION = YES_AGGRESSIVE;
				CLANG_CXX_LANGUAGE_STANDARD = "gnu++14";
				CLANG_CXX_LIBRARY = "libc++";
				CLANG_ENABLE_MODULES = YES;
				CLANG_ENABLE_OBJC_ARC = YES;
				CLANG_ENABLE_OBJC_WEAK = YES;
				CLANG_WARN_BLOCK_CAPTURE_AUTORELEASING = YES;
				CLANG_WARN_BOOL_CONVERSION = YES;
				CLANG_WARN_COMMA = YES;
				CLANG_WARN_CONSTANT_CONVERSION = YES;
				CLANG_WARN_DEPRECATED_OBJC_IMPLEMENTATIONS = YES;
				CLANG_WARN_DIRECT_OBJC_ISA_USAGE = YES_ERROR;
				CLANG_WARN_DOCUMENTATION_COMMENTS = YES;
				CLANG_WARN_EMPTY_BODY = YES;
				CLANG_WARN_ENUM_CONVERSION = YES;
				CLANG_WARN_INFINITE_RECURSION = YES;
				CLANG_WARN_INT_CONVERSION = YES;
				CLANG_WARN_NON_LITERAL_NULL_CONVERSION = YES;
				CLANG_WARN_OBJC_IMPLICIT_RETAIN_SELF = YES;
				CLANG_WARN_OBJC_LITERAL_CONVERSION = YES;
				CLANG_WARN_OBJC_ROOT_CLASS = YES_ERROR;
				CLANG_WARN_RANGE_LOOP_ANALYSIS = YES;
				CLANG_WARN_STRICT_PROTOTYPES = YES;
				CLANG_WARN_SUSPICIOUS_MOVE = YES;
				CLANG_WARN_UNGUARDED_AVAILABILITY = YES_AGGRESSIVE;
				CLANG_WARN_UNREACHABLE_CODE = YES;
				CLANG_WARN__DUPLICATE_METHOD_MATCH = YES;
				COPY_PHASE_STRIP = NO;
				DEBUG_INFORMATION_FORMAT = "dwarf-with-dsym";
				ENABLE_NS_ASSERTIONS = NO;
				ENABLE_STRICT_OBJC_MSGSEND = YES;
				GCC_C_LANGUAGE_STANDARD = gnu11;
				GCC_NO_COMMON_BLOCKS = YES;
				GCC_WARN_64_TO_32_BIT_CONVERSION = YES;
				GCC_WARN_ABOUT_RETURN_TYPE = YES_ERROR;
				GCC_WARN_UNDECLARED_SELECTOR = YES;
				GCC_WARN_UNINITIALIZED_AUTOS = YES_AGGRESSIVE;
				GCC_WARN_UNUSED_FUNCTION = YES;
				GCC_WARN_UNUSED_VARIABLE = YES;
				IPHONEOS_DEPLOYMENT_TARGET = 13.2;
				MTL_ENABLE_DEBUG_INFO = NO;
				MTL_FAST_MATH = YES;
				SDKROOT = iphoneos;
				SWIFT_COMPILATION_MODE = wholemodule;
				SWIFT_OPTIMIZATION_LEVEL = "-O";
				VALIDATE_PRODUCT = YES;
			};
			name = Release;
		};
		8440A0262484143E00AFDC08 /* Debug */ = {
			isa = XCBuildConfiguration;
			buildSettings = {
				ASSETCATALOG_COMPILER_APPICON_NAME = AppIcon;
				CODE_SIGN_STYLE = Automatic;
				INFOPLIST_FILE = "01-iIamrich/Info.plist";
				LD_RUNPATH_SEARCH_PATHS = (
					"$(inherited)",
					"@executable_path/Frameworks",
				);
				PRODUCT_BUNDLE_IDENTIFIER = "com.rominapozzuto.-1-iIamrich";
				PRODUCT_NAME = "$(TARGET_NAME)";
				SWIFT_VERSION = 5.0;
				TARGETED_DEVICE_FAMILY = "1,2";
			};
			name = Debug;
		};
		8440A0272484143E00AFDC08 /* Release */ = {
			isa = XCBuildConfiguration;
			buildSettings = {
				ASSETCATALOG_COMPILER_APPICON_NAME = AppIcon;
				CODE_SIGN_STYLE = Automatic;
				INFOPLIST_FILE = "01-iIamrich/Info.plist";
				LD_RUNPATH_SEARCH_PATHS = (
					"$(inherited)",
					"@executable_path/Frameworks",
				);
				PRODUCT_BUNDLE_IDENTIFIER = "com.rominapozzuto.-1-iIamrich";
				PRODUCT_NAME = "$(TARGET_NAME)";
				SWIFT_VERSION = 5.0;
				TARGETED_DEVICE_FAMILY = "1,2";
			};
			name = Release;
		};
		8440A0292484143E00AFDC08 /* Debug */ = {
			isa = XCBuildConfiguration;
			buildSettings = {
				ALWAYS_EMBED_SWIFT_STANDARD_LIBRARIES = YES;
				BUNDLE_LOADER = "$(TEST_HOST)";
				CODE_SIGN_STYLE = Automatic;
				INFOPLIST_FILE = "01-iIamrichTests/Info.plist";
				IPHONEOS_DEPLOYMENT_TARGET = 13.2;
				LD_RUNPATH_SEARCH_PATHS = (
					"$(inherited)",
					"@executable_path/Frameworks",
					"@loader_path/Frameworks",
				);
				PRODUCT_BUNDLE_IDENTIFIER = "com.rominapozzuto.-1-iIamrichTests";
				PRODUCT_NAME = "$(TARGET_NAME)";
				SWIFT_VERSION = 5.0;
				TARGETED_DEVICE_FAMILY = "1,2";
				TEST_HOST = "$(BUILT_PRODUCTS_DIR)/01-iIamrich.app/01-iIamrich";
			};
			name = Debug;
		};
		8440A02A2484143E00AFDC08 /* Release */ = {
			isa = XCBuildConfiguration;
			buildSettings = {
				ALWAYS_EMBED_SWIFT_STANDARD_LIBRARIES = YES;
				BUNDLE_LOADER = "$(TEST_HOST)";
				CODE_SIGN_STYLE = Automatic;
				INFOPLIST_FILE = "01-iIamrichTests/Info.plist";
				IPHONEOS_DEPLOYMENT_TARGET = 13.2;
				LD_RUNPATH_SEARCH_PATHS = (
					"$(inherited)",
					"@executable_path/Frameworks",
					"@loader_path/Frameworks",
				);
				PRODUCT_BUNDLE_IDENTIFIER = "com.rominapozzuto.-1-iIamrichTests";
				PRODUCT_NAME = "$(TARGET_NAME)";
				SWIFT_VERSION = 5.0;
				TARGETED_DEVICE_FAMILY = "1,2";
				TEST_HOST = "$(BUILT_PRODUCTS_DIR)/01-iIamrich.app/01-iIamrich";
			};
			name = Release;
		};
		8440A02C2484143E00AFDC08 /* Debug */ = {
			isa = XCBuildConfiguration;
			buildSettings = {
				ALWAYS_EMBED_SWIFT_STANDARD_LIBRARIES = YES;
				CODE_SIGN_STYLE = Automatic;
				INFOPLIST_FILE = "01-iIamrichUITests/Info.plist";
				LD_RUNPATH_SEARCH_PATHS = (
					"$(inherited)",
					"@executable_path/Frameworks",
					"@loader_path/Frameworks",
				);
				PRODUCT_BUNDLE_IDENTIFIER = "com.rominapozzuto.-1-iIamrichUITests";
				PRODUCT_NAME = "$(TARGET_NAME)";
				SWIFT_VERSION = 5.0;
				TARGETED_DEVICE_FAMILY = "1,2";
				TEST_TARGET_NAME = "01-iIamrich";
			};
			name = Debug;
		};
		8440A02D2484143E00AFDC08 /* Release */ = {
			isa = XCBuildConfiguration;
			buildSettings = {
				ALWAYS_EMBED_SWIFT_STANDARD_LIBRARIES = YES;
				CODE_SIGN_STYLE = Automatic;
				INFOPLIST_FILE = "01-iIamrichUITests/Info.plist";
				LD_RUNPATH_SEARCH_PATHS = (
					"$(inherited)",
					"@executable_path/Frameworks",
					"@loader_path/Frameworks",
				);
				PRODUCT_BUNDLE_IDENTIFIER = "com.rominapozzuto.-1-iIamrichUITests";
				PRODUCT_NAME = "$(TARGET_NAME)";
				SWIFT_VERSION = 5.0;
				TARGETED_DEVICE_FAMILY = "1,2";
				TEST_TARGET_NAME = "01-iIamrich";
			};
			name = Release;
		};
/* End XCBuildConfiguration section */

/* Begin XCConfigurationList section */
		84409FF62484143D00AFDC08 /* Build configuration list for PBXProject "01-iIamrich" */ = {
			isa = XCConfigurationList;
			buildConfigurations = (
				8440A0232484143E00AFDC08 /* Debug */,
				8440A0242484143E00AFDC08 /* Release */,
			);
			defaultConfigurationIsVisible = 0;
			defaultConfigurationName = Release;
		};
		8440A0252484143E00AFDC08 /* Build configuration list for PBXNativeTarget "01-iIamrich" */ = {
			isa = XCConfigurationList;
			buildConfigurations = (
				8440A0262484143E00AFDC08 /* Debug */,
				8440A0272484143E00AFDC08 /* Release */,
			);
			defaultConfigurationIsVisible = 0;
			defaultConfigurationName = Release;
		};
		8440A0282484143E00AFDC08 /* Build configuration list for PBXNativeTarget "01-iIamrichTests" */ = {
			isa = XCConfigurationList;
			buildConfigurations = (
				8440A0292484143E00AFDC08 /* Debug */,
				8440A02A2484143E00AFDC08 /* Release */,
			);
			defaultConfigurationIsVisible = 0;
			defaultConfigurationName = Release;
		};
		8440A02B2484143E00AFDC08 /* Build configuration list for PBXNativeTarget "01-iIamrichUITests" */ = {
			isa = XCConfigurationList;
			buildConfigurations = (
				8440A02C2484143E00AFDC08 /* Debug */,
				8440A02D2484143E00AFDC08 /* Release */,
			);
			defaultConfigurationIsVisible = 0;
			defaultConfigurationName = Release;
		};
/* End XCConfigurationList section */
	};
	rootObject = 84409FF32484143D00AFDC08 /* Project object */;
}
